{
  "name": "webxr-template",
  "version": "0.0.2",
  "lockfileVersion": 3,
  "requires": true,
  "packages": {
    "": {
      "name": "webxr-template",
      "version": "0.0.2",
      "license": "ISC",
      "dependencies": {
        "@babylonjs/core": "^6.10.0",
        "@babylonjs/materials": "^6.10.0",
        "esbuild": "^0.18.10",
        "typescript": "^5.1.6"
      },
      "devDependencies": {
        "@babylonjs/inspector": "^6.10.0"
      }
    },
    "node_modules/@babylonjs/core": {
      "version": "6.10.0",
      "resolved": "https://registry.npmjs.org/@babylonjs/core/-/core-6.10.0.tgz",
      "integrity": "sha512-iXRoM/CYl8aYtZQVeQ3+4nFuFVnYlfWmNNaJG0aTPM4ziNzQ5iZ+satX2GK+XNkYKl45i2Sdq4STkRvfnlKheQ=="
    },
    "node_modules/@babylonjs/gui": {
      "version": "6.10.0",
      "resolved": "https://registry.npmjs.org/@babylonjs/gui/-/gui-6.10.0.tgz",
      "integrity": "sha512-yxtEqAzkuPSmTNqH6CTqN6a/HJ3qkrmW3MbHi5RbbAEtYjTg+xGbdfVB72muk4o35pcHDpebAWeMK4EOmCSzWg==",
      "dev": true,
      "peer": true,
      "peerDependencies": {
        "@babylonjs/core": "^6.0.0"
      }
    },
    "node_modules/@babylonjs/gui-editor": {
      "version": "6.10.0",
      "resolved": "https://registry.npmjs.org/@babylonjs/gui-editor/-/gui-editor-6.10.0.tgz",
      "integrity": "sha512-Y0gVxrhxoPbBHIZpM4TSf4hAFqMpvOfwM0nBILGbFeCqphl06gwRYuikWzHeKBphwqer20aj78Hcrlu/3G0UYg==",
      "dev": true,
      "peer": true,
      "peerDependencies": {
        "@babylonjs/core": "^6.0.0",
        "@babylonjs/gui": "^6.0.0",
        "@types/react": ">=16.7.3",
        "@types/react-dom": ">=16.0.9"
      }
    },
    "node_modules/@babylonjs/inspector": {
      "version": "6.10.0",
      "resolved": "https://registry.npmjs.org/@babylonjs/inspector/-/inspector-6.10.0.tgz",
      "integrity": "sha512-tDVd8A7ACN1D52dnm1nDgjIxqtjgQuStHaSdnKjDGA/LYnzMkvCbediXcGhtLoBkM/MSRTDxxJJEPILZuKuZvw==",
      "dev": true,
      "dependencies": {
        "@fortawesome/fontawesome-svg-core": "^6.1.0",
        "@fortawesome/free-regular-svg-icons": "^6.0.0",
        "@fortawesome/free-solid-svg-icons": "^6.0.0"
      },
      "peerDependencies": {
        "@babylonjs/core": "^6.0.0",
        "@babylonjs/gui": "^6.0.0",
        "@babylonjs/gui-editor": "^6.0.0",
        "@babylonjs/loaders": "^6.0.0",
        "@babylonjs/materials": "^6.0.0",
        "@babylonjs/serializers": "^6.0.0",
        "@types/react": ">=16.7.3",
        "@types/react-dom": ">=16.0.9"
      }
    },
    "node_modules/@babylonjs/loaders": {
      "version": "6.10.0",
      "resolved": "https://registry.npmjs.org/@babylonjs/loaders/-/loaders-6.10.0.tgz",
      "integrity": "sha512-o74WWyDohWLU/yhPjcm1ndDa7hTdtgMgWSew7T1mZNgNJvAOgEPz1XWv79+77XfiKc8MKaZXj14RUm2/7Rf1Qg==",
      "dev": true,
      "peer": true,
      "peerDependencies": {
        "@babylonjs/core": "^6.0.0",
        "babylonjs-gltf2interface": "^6.0.0"
      }
    },
    "node_modules/@babylonjs/materials": {
      "version": "6.10.0",
      "resolved": "https://registry.npmjs.org/@babylonjs/materials/-/materials-6.10.0.tgz",
      "integrity": "sha512-QCC7F0OlM5b594dx4A1GUBlew0FeKjA8t2TH8bCK9GIYxzJQqoJcdiywhic1Q7GXNlvNEOrXGYSy3caPaCXMdw==",
      "peerDependencies": {
        "@babylonjs/core": "^6.0.0"
      }
    },
    "node_modules/@babylonjs/serializers": {
      "version": "6.10.0",
      "resolved": "https://registry.npmjs.org/@babylonjs/serializers/-/serializers-6.10.0.tgz",
      "integrity": "sha512-NZDaVWg55VKIVxtcYVTRBc22Bq/WeONNCENF1uACFWnQJ4QzZpn8bRzXedlIODmBcR7huxLWX1sebsDNzduHSQ==",
      "dev": true,
      "peer": true,
      "peerDependencies": {
        "@babylonjs/core": "^6.0.0",
        "babylonjs-gltf2interface": "^6.0.0"
      }
    },
    "node_modules/@esbuild/android-arm": {
      "version": "0.18.11",
      "resolved": "https://registry.npmjs.org/@esbuild/android-arm/-/android-arm-0.18.11.tgz",
      "integrity": "sha512-q4qlUf5ucwbUJZXF5tEQ8LF7y0Nk4P58hOsGk3ucY0oCwgQqAnqXVbUuahCddVHfrxmpyewRpiTHwVHIETYu7Q==",
      "cpu": [
        "arm"
      ],
      "optional": true,
      "os": [
        "android"
      ],
      "engines": {
        "node": ">=12"
      }
    },
    "node_modules/@esbuild/android-arm64": {
      "version": "0.18.11",
      "resolved": "https://registry.npmjs.org/@esbuild/android-arm64/-/android-arm64-0.18.11.tgz",
      "integrity": "sha512-snieiq75Z1z5LJX9cduSAjUr7vEI1OdlzFPMw0HH5YI7qQHDd3qs+WZoMrWYDsfRJSq36lIA6mfZBkvL46KoIw==",
      "cpu": [
        "arm64"
      ],
      "optional": true,
      "os": [
        "android"
      ],
      "engines": {
        "node": ">=12"
      }
    },
    "node_modules/@esbuild/android-x64": {
      "version": "0.18.11",
      "resolved": "https://registry.npmjs.org/@esbuild/android-x64/-/android-x64-0.18.11.tgz",
      "integrity": "sha512-iPuoxQEV34+hTF6FT7om+Qwziv1U519lEOvekXO9zaMMlT9+XneAhKL32DW3H7okrCOBQ44BMihE8dclbZtTuw==",
      "cpu": [
        "x64"
      ],
      "optional": true,
      "os": [
        "android"
      ],
      "engines": {
        "node": ">=12"
      }
    },
    "node_modules/@esbuild/darwin-arm64": {
      "version": "0.18.11",
      "resolved": "https://registry.npmjs.org/@esbuild/darwin-arm64/-/darwin-arm64-0.18.11.tgz",
      "integrity": "sha512-Gm0QkI3k402OpfMKyQEEMG0RuW2LQsSmI6OeO4El2ojJMoF5NLYb3qMIjvbG/lbMeLOGiW6ooU8xqc+S0fgz2w==",
      "cpu": [
        "arm64"
      ],
      "optional": true,
      "os": [
        "darwin"
      ],
      "engines": {
        "node": ">=12"
      }
    },
    "node_modules/@esbuild/darwin-x64": {
      "version": "0.18.11",
      "resolved": "https://registry.npmjs.org/@esbuild/darwin-x64/-/darwin-x64-0.18.11.tgz",
      "integrity": "sha512-N15Vzy0YNHu6cfyDOjiyfJlRJCB/ngKOAvoBf1qybG3eOq0SL2Lutzz9N7DYUbb7Q23XtHPn6lMDF6uWbGv9Fw==",
      "cpu": [
        "x64"
      ],
      "optional": true,
      "os": [
        "darwin"
      ],
      "engines": {
        "node": ">=12"
      }
    },
    "node_modules/@esbuild/freebsd-arm64": {
      "version": "0.18.11",
      "resolved": "https://registry.npmjs.org/@esbuild/freebsd-arm64/-/freebsd-arm64-0.18.11.tgz",
      "integrity": "sha512-atEyuq6a3omEY5qAh5jIORWk8MzFnCpSTUruBgeyN9jZq1K/QI9uke0ATi3MHu4L8c59CnIi4+1jDKMuqmR71A==",
      "cpu": [
        "arm64"
      ],
      "optional": true,
      "os": [
        "freebsd"
      ],
      "engines": {
        "node": ">=12"
      }
    },
    "node_modules/@esbuild/freebsd-x64": {
      "version": "0.18.11",
      "resolved": "https://registry.npmjs.org/@esbuild/freebsd-x64/-/freebsd-x64-0.18.11.tgz",
      "integrity": "sha512-XtuPrEfBj/YYYnAAB7KcorzzpGTvOr/dTtXPGesRfmflqhA4LMF0Gh/n5+a9JBzPuJ+CGk17CA++Hmr1F/gI0Q==",
      "cpu": [
        "x64"
      ],
      "optional": true,
      "os": [
        "freebsd"
      ],
      "engines": {
        "node": ">=12"
      }
    },
    "node_modules/@esbuild/linux-arm": {
      "version": "0.18.11",
      "resolved": "https://registry.npmjs.org/@esbuild/linux-arm/-/linux-arm-0.18.11.tgz",
      "integrity": "sha512-Idipz+Taso/toi2ETugShXjQ3S59b6m62KmLHkJlSq/cBejixmIydqrtM2XTvNCywFl3VC7SreSf6NV0i6sRyg==",
      "cpu": [
        "arm"
      ],
      "optional": true,
      "os": [
        "linux"
      ],
      "engines": {
        "node": ">=12"
      }
    },
    "node_modules/@esbuild/linux-arm64": {
      "version": "0.18.11",
      "resolved": "https://registry.npmjs.org/@esbuild/linux-arm64/-/linux-arm64-0.18.11.tgz",
      "integrity": "sha512-c6Vh2WS9VFKxKZ2TvJdA7gdy0n6eSy+yunBvv4aqNCEhSWVor1TU43wNRp2YLO9Vng2G+W94aRz+ILDSwAiYog==",
      "cpu": [
        "arm64"
      ],
      "optional": true,
      "os": [
        "linux"
      ],
      "engines": {
        "node": ">=12"
      }
    },
    "node_modules/@esbuild/linux-ia32": {
      "version": "0.18.11",
      "resolved": "https://registry.npmjs.org/@esbuild/linux-ia32/-/linux-ia32-0.18.11.tgz",
      "integrity": "sha512-S3hkIF6KUqRh9n1Q0dSyYcWmcVa9Cg+mSoZEfFuzoYXXsk6196qndrM+ZiHNwpZKi3XOXpShZZ+9dfN5ykqjjw==",
      "cpu": [
        "ia32"
      ],
      "optional": true,
      "os": [
        "linux"
      ],
      "engines": {
        "node": ">=12"
      }
    },
    "node_modules/@esbuild/linux-loong64": {
      "version": "0.18.11",
      "resolved": "https://registry.npmjs.org/@esbuild/linux-loong64/-/linux-loong64-0.18.11.tgz",
      "integrity": "sha512-MRESANOoObQINBA+RMZW+Z0TJWpibtE7cPFnahzyQHDCA9X9LOmGh68MVimZlM9J8n5Ia8lU773te6O3ILW8kw==",
      "cpu": [
        "loong64"
      ],
      "optional": true,
      "os": [
        "linux"
      ],
      "engines": {
        "node": ">=12"
      }
    },
    "node_modules/@esbuild/linux-mips64el": {
      "version": "0.18.11",
      "resolved": "https://registry.npmjs.org/@esbuild/linux-mips64el/-/linux-mips64el-0.18.11.tgz",
      "integrity": "sha512-qVyPIZrXNMOLYegtD1u8EBccCrBVshxMrn5MkuFc3mEVsw7CCQHaqZ4jm9hbn4gWY95XFnb7i4SsT3eflxZsUg==",
      "cpu": [
        "mips64el"
      ],
      "optional": true,
      "os": [
        "linux"
      ],
      "engines": {
        "node": ">=12"
      }
    },
    "node_modules/@esbuild/linux-ppc64": {
      "version": "0.18.11",
      "resolved": "https://registry.npmjs.org/@esbuild/linux-ppc64/-/linux-ppc64-0.18.11.tgz",
      "integrity": "sha512-T3yd8vJXfPirZaUOoA9D2ZjxZX4Gr3QuC3GztBJA6PklLotc/7sXTOuuRkhE9W/5JvJP/K9b99ayPNAD+R+4qQ==",
      "cpu": [
        "ppc64"
      ],
      "optional": true,
      "os": [
        "linux"
      ],
      "engines": {
        "node": ">=12"
      }
    },
    "node_modules/@esbuild/linux-riscv64": {
      "version": "0.18.11",
      "resolved": "https://registry.npmjs.org/@esbuild/linux-riscv64/-/linux-riscv64-0.18.11.tgz",
      "integrity": "sha512-evUoRPWiwuFk++snjH9e2cAjF5VVSTj+Dnf+rkO/Q20tRqv+644279TZlPK8nUGunjPAtQRCj1jQkDAvL6rm2w==",
      "cpu": [
        "riscv64"
      ],
      "optional": true,
      "os": [
        "linux"
      ],
      "engines": {
        "node": ">=12"
      }
    },
    "node_modules/@esbuild/linux-s390x": {
      "version": "0.18.11",
      "resolved": "https://registry.npmjs.org/@esbuild/linux-s390x/-/linux-s390x-0.18.11.tgz",
      "integrity": "sha512-/SlRJ15XR6i93gRWquRxYCfhTeC5PdqEapKoLbX63PLCmAkXZHY2uQm2l9bN0oPHBsOw2IswRZctMYS0MijFcg==",
      "cpu": [
        "s390x"
      ],
      "optional": true,
      "os": [
        "linux"
      ],
      "engines": {
        "node": ">=12"
      }
    },
    "node_modules/@esbuild/linux-x64": {
      "version": "0.18.11",
      "resolved": "https://registry.npmjs.org/@esbuild/linux-x64/-/linux-x64-0.18.11.tgz",
      "integrity": "sha512-xcncej+wF16WEmIwPtCHi0qmx1FweBqgsRtEL1mSHLFR6/mb3GEZfLQnx+pUDfRDEM4DQF8dpXIW7eDOZl1IbA==",
      "cpu": [
        "x64"
      ],
      "optional": true,
      "os": [
        "linux"
      ],
      "engines": {
        "node": ">=12"
      }
    },
    "node_modules/@esbuild/netbsd-x64": {
      "version": "0.18.11",
      "resolved": "https://registry.npmjs.org/@esbuild/netbsd-x64/-/netbsd-x64-0.18.11.tgz",
      "integrity": "sha512-aSjMHj/F7BuS1CptSXNg6S3M4F3bLp5wfFPIJM+Km2NfIVfFKhdmfHF9frhiCLIGVzDziggqWll0B+9AUbud/Q==",
      "cpu": [
        "x64"
      ],
      "optional": true,
      "os": [
        "netbsd"
      ],
      "engines": {
        "node": ">=12"
      }
    },
    "node_modules/@esbuild/openbsd-x64": {
      "version": "0.18.11",
      "resolved": "https://registry.npmjs.org/@esbuild/openbsd-x64/-/openbsd-x64-0.18.11.tgz",
      "integrity": "sha512-tNBq+6XIBZtht0xJGv7IBB5XaSyvYPCm1PxJ33zLQONdZoLVM0bgGqUrXnJyiEguD9LU4AHiu+GCXy/Hm9LsdQ==",
      "cpu": [
        "x64"
      ],
      "optional": true,
      "os": [
        "openbsd"
      ],
      "engines": {
        "node": ">=12"
      }
    },
    "node_modules/@esbuild/sunos-x64": {
      "version": "0.18.11",
      "resolved": "https://registry.npmjs.org/@esbuild/sunos-x64/-/sunos-x64-0.18.11.tgz",
      "integrity": "sha512-kxfbDOrH4dHuAAOhr7D7EqaYf+W45LsAOOhAet99EyuxxQmjbk8M9N4ezHcEiCYPaiW8Dj3K26Z2V17Gt6p3ng==",
      "cpu": [
        "x64"
      ],
      "optional": true,
      "os": [
        "sunos"
      ],
      "engines": {
        "node": ">=12"
      }
    },
    "node_modules/@esbuild/win32-arm64": {
      "version": "0.18.11",
      "resolved": "https://registry.npmjs.org/@esbuild/win32-arm64/-/win32-arm64-0.18.11.tgz",
      "integrity": "sha512-Sh0dDRyk1Xi348idbal7lZyfSkjhJsdFeuC13zqdipsvMetlGiFQNdO+Yfp6f6B4FbyQm7qsk16yaZk25LChzg==",
      "cpu": [
        "arm64"
      ],
      "optional": true,
      "os": [
        "win32"
      ],
      "engines": {
        "node": ">=12"
      }
    },
    "node_modules/@esbuild/win32-ia32": {
      "version": "0.18.11",
      "resolved": "https://registry.npmjs.org/@esbuild/win32-ia32/-/win32-ia32-0.18.11.tgz",
      "integrity": "sha512-o9JUIKF1j0rqJTFbIoF4bXj6rvrTZYOrfRcGyL0Vm5uJ/j5CkBD/51tpdxe9lXEDouhRgdr/BYzUrDOvrWwJpg==",
      "cpu": [
        "ia32"
      ],
      "optional": true,
      "os": [
        "win32"
      ],
      "engines": {
        "node": ">=12"
      }
    },
    "node_modules/@esbuild/win32-x64": {
      "version": "0.18.11",
      "resolved": "https://registry.npmjs.org/@esbuild/win32-x64/-/win32-x64-0.18.11.tgz",
      "integrity": "sha512-rQI4cjLHd2hGsM1LqgDI7oOCYbQ6IBOVsX9ejuRMSze0GqXUG2ekwiKkiBU1pRGSeCqFFHxTrcEydB2Hyoz9CA==",
      "cpu": [
        "x64"
      ],
      "optional": true,
      "os": [
        "win32"
      ],
      "engines": {
        "node": ">=12"
      }
    },
    "node_modules/@fortawesome/fontawesome-common-types": {
      "version": "6.4.0",
      "resolved": "https://registry.npmjs.org/@fortawesome/fontawesome-common-types/-/fontawesome-common-types-6.4.0.tgz",
      "integrity": "sha512-HNii132xfomg5QVZw0HwXXpN22s7VBHQBv9CeOu9tfJnhsWQNd2lmTNi8CSrnw5B+5YOmzu1UoPAyxaXsJ6RgQ==",
      "dev": true,
      "hasInstallScript": true,
      "engines": {
        "node": ">=6"
      }
    },
    "node_modules/@fortawesome/fontawesome-svg-core": {
      "version": "6.4.0",
      "resolved": "https://registry.npmjs.org/@fortawesome/fontawesome-svg-core/-/fontawesome-svg-core-6.4.0.tgz",
      "integrity": "sha512-Bertv8xOiVELz5raB2FlXDPKt+m94MQ3JgDfsVbrqNpLU9+UE2E18GKjLKw+d3XbeYPqg1pzyQKGsrzbw+pPaw==",
      "dev": true,
      "hasInstallScript": true,
      "dependencies": {
        "@fortawesome/fontawesome-common-types": "6.4.0"
      },
      "engines": {
        "node": ">=6"
      }
    },
    "node_modules/@fortawesome/free-regular-svg-icons": {
      "version": "6.4.0",
      "resolved": "https://registry.npmjs.org/@fortawesome/free-regular-svg-icons/-/free-regular-svg-icons-6.4.0.tgz",
      "integrity": "sha512-ZfycI7D0KWPZtf7wtMFnQxs8qjBXArRzczABuMQqecA/nXohquJ5J/RCR77PmY5qGWkxAZDxpnUFVXKwtY/jPw==",
      "dev": true,
      "hasInstallScript": true,
      "dependencies": {
        "@fortawesome/fontawesome-common-types": "6.4.0"
      },
      "engines": {
        "node": ">=6"
      }
    },
    "node_modules/@fortawesome/free-solid-svg-icons": {
      "version": "6.4.0",
      "resolved": "https://registry.npmjs.org/@fortawesome/free-solid-svg-icons/-/free-solid-svg-icons-6.4.0.tgz",
      "integrity": "sha512-kutPeRGWm8V5dltFP1zGjQOEAzaLZj4StdQhWVZnfGFCvAPVvHh8qk5bRrU4KXnRRRNni5tKQI9PBAdI6MP8nQ==",
      "dev": true,
      "hasInstallScript": true,
      "dependencies": {
        "@fortawesome/fontawesome-common-types": "6.4.0"
      },
      "engines": {
        "node": ">=6"
      }
    },
    "node_modules/@types/prop-types": {
      "version": "15.7.5",
      "resolved": "https://registry.npmjs.org/@types/prop-types/-/prop-types-15.7.5.tgz",
      "integrity": "sha512-JCB8C6SnDoQf0cNycqd/35A7MjcnK+ZTqE7judS6o7utxUCg6imJg3QK2qzHKszlTjcj2cn+NwMB2i96ubpj7w==",
      "dev": true,
      "peer": true
    },
    "node_modules/@types/react": {
      "version": "18.2.14",
      "resolved": "https://registry.npmjs.org/@types/react/-/react-18.2.14.tgz",
      "integrity": "sha512-A0zjq+QN/O0Kpe30hA1GidzyFjatVvrpIvWLxD+xv67Vt91TWWgco9IvrJBkeyHm1trGaFS/FSGqPlhyeZRm0g==",
      "dev": true,
      "peer": true,
      "dependencies": {
        "@types/prop-types": "*",
        "@types/scheduler": "*",
        "csstype": "^3.0.2"
      }
    },
    "node_modules/@types/react-dom": {
      "version": "18.2.6",
      "resolved": "https://registry.npmjs.org/@types/react-dom/-/react-dom-18.2.6.tgz",
      "integrity": "sha512-2et4PDvg6PVCyS7fuTc4gPoksV58bW0RwSxWKcPRcHZf0PRUGq03TKcD/rUHe3azfV6/5/biUBJw+HhCQjaP0A==",
      "dev": true,
      "peer": true,
      "dependencies": {
        "@types/react": "*"
      }
    },
    "node_modules/@types/scheduler": {
      "version": "0.16.3",
      "resolved": "https://registry.npmjs.org/@types/scheduler/-/scheduler-0.16.3.tgz",
      "integrity": "sha512-5cJ8CB4yAx7BH1oMvdU0Jh9lrEXyPkar6F9G/ERswkCuvP4KQZfZkSjcMbAICCpQTN4OuZn8tz0HiKv9TGZgrQ==",
      "dev": true,
      "peer": true
    },
    "node_modules/babylonjs-gltf2interface": {
      "version": "6.10.0",
      "resolved": "https://registry.npmjs.org/babylonjs-gltf2interface/-/babylonjs-gltf2interface-6.10.0.tgz",
      "integrity": "sha512-jvpujIGV3DyiRa6p94N/IPuD/l3hZ9QCZj39ocu8TcT61OS/X9y5Pfl9btO7laH5ulGX4XxhTx0JFEcojUuRMQ==",
      "dev": true,
      "peer": true
    },
    "node_modules/csstype": {
      "version": "3.1.2",
      "resolved": "https://registry.npmjs.org/csstype/-/csstype-3.1.2.tgz",
      "integrity": "sha512-I7K1Uu0MBPzaFKg4nI5Q7Vs2t+3gWWW648spaF+Rg7pI9ds18Ugn+lvg4SHczUdKlHI5LWBXyqfS8+DufyBsgQ==",
      "dev": true,
      "peer": true
    },
    "node_modules/esbuild": {
      "version": "0.18.11",
      "resolved": "https://registry.npmjs.org/esbuild/-/esbuild-0.18.11.tgz",
      "integrity": "sha512-i8u6mQF0JKJUlGR3OdFLKldJQMMs8OqM9Cc3UCi9XXziJ9WERM5bfkHaEAy0YAvPRMgqSW55W7xYn84XtEFTtA==",
      "hasInstallScript": true,
      "bin": {
        "esbuild": "bin/esbuild"
      },
      "engines": {
        "node": ">=12"
      },
      "optionalDependencies": {
        "@esbuild/android-arm": "0.18.11",
        "@esbuild/android-arm64": "0.18.11",
        "@esbuild/android-x64": "0.18.11",
        "@esbuild/darwin-arm64": "0.18.11",
        "@esbuild/darwin-x64": "0.18.11",
        "@esbuild/freebsd-arm64": "0.18.11",
        "@esbuild/freebsd-x64": "0.18.11",
        "@esbuild/linux-arm": "0.18.11",
        "@esbuild/linux-arm64": "0.18.11",
        "@esbuild/linux-ia32": "0.18.11",
        "@esbuild/linux-loong64": "0.18.11",
        "@esbuild/linux-mips64el": "0.18.11",
        "@esbuild/linux-ppc64": "0.18.11",
        "@esbuild/linux-riscv64": "0.18.11",
        "@esbuild/linux-s390x": "0.18.11",
        "@esbuild/linux-x64": "0.18.11",
        "@esbuild/netbsd-x64": "0.18.11",
        "@esbuild/openbsd-x64": "0.18.11",
        "@esbuild/sunos-x64": "0.18.11",
        "@esbuild/win32-arm64": "0.18.11",
        "@esbuild/win32-ia32": "0.18.11",
        "@esbuild/win32-x64": "0.18.11"
      }
    },
    "node_modules/typescript": {
      "version": "5.1.6",
      "resolved": "https://registry.npmjs.org/typescript/-/typescript-5.1.6.tgz",
      "integrity": "sha512-zaWCozRZ6DLEWAWFrVDz1H6FVXzUSfTy5FUMWsQlU8Ym5JP9eO4xkTIROFCQvhQf61z6O/G6ugw3SgAnvvm+HA==",
      "bin": {
        "tsc": "bin/tsc",
        "tsserver": "bin/tsserver"
      },
      "engines": {
        "node": ">=14.17"
      }
    }
  }
}
